schema: epic-implement/v1
role: back
step_id: s06
plan_id: T-HUB-004
title: 's06 — Posttool mirror + save_state lock: remove bare except, add lock/atomic
  IMPLEMENT'
status: completed
date: '2026-08-22'
decompose_ref: memory-bank/back/plan/decompose-T-HUB-004-hooks-hygiene/s06-posttool-mirror-lock.yaml
skills_used:
- tdd
- python-testing-patterns
- python-resilience
- verification-before-completion
- requesting-code-review
discovery:
- 'explorer: posttool had typed except + silent pass (no bare except); save_state
  plain write_text; atomic/fcntl already in epic/core.py; subagent-stop already logs
  mirror errors'
gaps:
  status: none
done:
- 'agent-posttool.py: mirror except → stderr print `posttool: mirror_verify_verdict
  failed:` (FR-9); save_state still runs'
- '_lib.py: save_state = fcntl lockfile (.json.lock, timeout 2s) + atomic tmp+fsync+os.replace
  (FR-10)'
- 'deletes: silent swallow on mirror removed (typed except retained, pass → log)'
- 'TDD: test_posttool_mirror_error_logs_stderr_and_saves_state + test_save_state_concurrent_does_not_lose_update'
- 'cp6: pytest -k "verdict or spawn or state" → 35 passed (env -u DEV_HUB/HUB_ROOT/PROJECT_ROOT)'
files:
- .claude/hooks/agent-posttool.py
- .claude/hooks/_lib.py
- loop/tests/test_agent_hooks.py
- .claude/hooks/subagent-stop.py (consumer, не менять)
deletes:
- 'silent `except …: pass` на mirror в agent-posttool.py (заменён на log stderr)'
tests:
- '`timeout 300s .venv/bin/pytest loop/tests/test_agent_hooks.py::test_posttool_mirror_error_logs_stderr_and_saves_state
  loop/tests/test_agent_hooks.py::test_save_state_concurrent_does_not_lose_update
  loop/tests/test_agent_hooks.py::test_posttool_fail_then_pass_mirrors_epic_last_verify
  -q --tb=short`'
- '`timeout 300s .venv/bin/pytest loop/tests/ -k ''verdict or spawn or state'' -q
  --tb=line`'
integration_check:
- '§0.11: subagent-stop already logs mirror; posttool aligned; spawn-gate save_state
  consumers unchanged API'
grep_control: []
verification_results:
- 'cp1: bare except removed'
- 'cp2: stderr mirror failed log present'
- 'cp3: fcntl + atomic tmp/replace in save_state'
- 'cp4: FR-9 mirror error visible'
- 'cp5: FR-10 lock+atomic'
- 'cp6: 35 passed verdict|spawn|state'
checkpoints:
- id: cp1
  criterion: 'agent-posttool.py не содержит bare `except: pass` на mirror'
  status: done
  done_at: '2026-08-22T18:59:58Z'
- id: cp2
  criterion: agent-posttool.py логирует mirror error в stderr
  status: done
  done_at: '2026-08-22T18:59:58Z'
- id: cp3
  criterion: save_state использует atomic write (tmp + rename) или lock
  status: done
  done_at: '2026-08-22T18:59:58Z'
- id: cp4
  criterion: 'FR-9: mirror error видна (не silent pass)'
  status: done
  done_at: '2026-08-22T18:59:58Z'
- id: cp5
  criterion: 'FR-10: save_state защищён от lost-update'
  status: done
  done_at: '2026-08-22T18:59:59Z'
- id: cp6
  criterion: 'Регрессия: тесты verdict / spawn-state проходят'
  status: done
  done_at: '2026-08-22T18:59:59Z'
resume_from: cp1
